
Microsoft Visual Studio Solution File, Format Version 12.00
# Visual Studio 2012
Project("{F184B08F-C81C-45F6-A57F-5ABD9991F28F}") = "tb2_vb_net", "tb2_vb_net\tb2_vb_net.vbproj", "{BB3723CD-D85E-473D-9FC1-A970F8FB6F31}"
EndProject
Global
	GlobalSection(SolutionConfigurationPlatforms) = preSolution
		Debug|Any CPU = Debug|Any CPU
		Release|Any CPU = Release|Any CPU
	EndGlobalSection
	GlobalSection(ProjectConfigurationPlatforms) = postSolution
		{BB3723CD-D85E-473D-9FC1-A970F8FB6F31}.Debug|Any CPU.ActiveCfg = Debug|Any CPU
		{BB3723CD-D85E-473D-9FC1-A970F8FB6F31}.Debug|Any CPU.Build.0 = Debug|Any CPU
		{BB3723CD-D85E-473D-9FC1-A970F8FB6F31}.Release|Any CPU.ActiveCfg = Release|Any CPU
		{BB3723CD-D85E-473D-9FC1-A970F8FB6F31}.Release|Any CPU.Build.0 = Release|Any CPU
	EndGlobalSection
	GlobalSection(SolutionProperties) = preSolution
		HideSolutionNode = FALSE
	EndGlobalSection
EndGlobal
